
Microsoft Visual Studio Solution File, Format Version 12.00
# Visual Studio Version 17
VisualStudioVersion = 17.2.32616.157
MinimumVisualStudioVersion = 10.0.40219.1
Project("{2150E333-8FDC-42A3-9474-1A3956D46DE8}") = "Core", "Core", "{45E3567A-B61C-49AA-9B4E-1CE6EA113136}"
EndProject
Project("{2150E333-8FDC-42A3-9474-1A3956D46DE8}") = "Infranstructure", "Infranstructure", "{3BD1A575-740C-4145-B25E-ECC24BBC4F17}"
EndProject
Project("{2150E333-8FDC-42A3-9474-1A3956D46DE8}") = "Presentation", "Presentation", "{E803B3E6-D914-44CA-96EF-BE028E657BCB}"
EndProject
Project("{2150E333-8FDC-42A3-9474-1A3956D46DE8}") = "Tests", "Tests", "{D5E5D9CF-A1BB-4AE9-91EC-864D4604C8D3}"
EndProject
Project("{FAE04EC0-301F-11D3-BF4B-00C04F79EFBC}") = "Cafe.Domain", "Cafe.Domain\Cafe.Domain.csproj", "{E1610E9A-266A-4B88-82BB-240C0390BCA6}"
EndProject
Project("{FAE04EC0-301F-11D3-BF4B-00C04F79EFBC}") = "Cafe.Application", "Cafe.Application\Cafe.Application.csproj", "{BEBD5558-D59A-49A0-B3CF-54B3A5C79DA4}"
EndProject
Project("{FAE04EC0-301F-11D3-BF4B-00C04F79EFBC}") = "Cafe.Persistance", "Cafe.Persistance\Cafe.Persistance.csproj", "{54556DBA-182F-4431-91B1-A4CE99656012}"
EndProject
Project("{FAE04EC0-301F-11D3-BF4B-00C04F79EFBC}") = "Cafe.WebApi", "Cafe.WebApi\Cafe.WebApi.csproj", "{D7F9713E-FD5E-4FD3-9849-7F785CDDCABA}"
EndProject
Global
	GlobalSection(SolutionConfigurationPlatforms) = preSolution
		Debug|Any CPU = Debug|Any CPU
		Release|Any CPU = Release|Any CPU
	EndGlobalSection
	GlobalSection(ProjectConfigurationPlatforms) = postSolution
		{E1610E9A-266A-4B88-82BB-240C0390BCA6}.Debug|Any CPU.ActiveCfg = Debug|Any CPU
		{E1610E9A-266A-4B88-82BB-240C0390BCA6}.Debug|Any CPU.Build.0 = Debug|Any CPU
		{E1610E9A-266A-4B88-82BB-240C0390BCA6}.Release|Any CPU.ActiveCfg = Release|Any CPU
		{E1610E9A-266A-4B88-82BB-240C0390BCA6}.Release|Any CPU.Build.0 = Release|Any CPU
		{BEBD5558-D59A-49A0-B3CF-54B3A5C79DA4}.Debug|Any CPU.ActiveCfg = Debug|Any CPU
		{BEBD5558-D59A-49A0-B3CF-54B3A5C79DA4}.Debug|Any CPU.Build.0 = Debug|Any CPU
		{BEBD5558-D59A-49A0-B3CF-54B3A5C79DA4}.Release|Any CPU.ActiveCfg = Release|Any CPU
		{BEBD5558-D59A-49A0-B3CF-54B3A5C79DA4}.Release|Any CPU.Build.0 = Release|Any CPU
		{54556DBA-182F-4431-91B1-A4CE99656012}.Debug|Any CPU.ActiveCfg = Debug|Any CPU
		{54556DBA-182F-4431-91B1-A4CE99656012}.Debug|Any CPU.Build.0 = Debug|Any CPU
		{54556DBA-182F-4431-91B1-A4CE99656012}.Release|Any CPU.ActiveCfg = Release|Any CPU
		{54556DBA-182F-4431-91B1-A4CE99656012}.Release|Any CPU.Build.0 = Release|Any CPU
		{D7F9713E-FD5E-4FD3-9849-7F785CDDCABA}.Debug|Any CPU.ActiveCfg = Debug|Any CPU
		{D7F9713E-FD5E-4FD3-9849-7F785CDDCABA}.Debug|Any CPU.Build.0 = Debug|Any CPU
		{D7F9713E-FD5E-4FD3-9849-7F785CDDCABA}.Release|Any CPU.ActiveCfg = Release|Any CPU
		{D7F9713E-FD5E-4FD3-9849-7F785CDDCABA}.Release|Any CPU.Build.0 = Release|Any CPU
	EndGlobalSection
	GlobalSection(SolutionProperties) = preSolution
		HideSolutionNode = FALSE
	EndGlobalSection
	GlobalSection(NestedProjects) = preSolution
		{E1610E9A-266A-4B88-82BB-240C0390BCA6} = {45E3567A-B61C-49AA-9B4E-1CE6EA113136}
		{BEBD5558-D59A-49A0-B3CF-54B3A5C79DA4} = {45E3567A-B61C-49AA-9B4E-1CE6EA113136}
		{54556DBA-182F-4431-91B1-A4CE99656012} = {3BD1A575-740C-4145-B25E-ECC24BBC4F17}
		{D7F9713E-FD5E-4FD3-9849-7F785CDDCABA} = {E803B3E6-D914-44CA-96EF-BE028E657BCB}
	EndGlobalSection
	GlobalSection(ExtensibilityGlobals) = postSolution
		SolutionGuid = {FFD7C516-73BE-465F-8205-26098C48F880}
	EndGlobalSection
EndGlobal
